// !$*UTF8*$!
{
	archiveVersion = 1;
	classes = {
	};
	objectVersion = 77;
	objects = {

/* Begin PBXBuildFile section */
		CFDA10022F65A00100F63D6F /* ScreenTimeReportExtension.appex in Embed App Extensions */ = {isa = PBXBuildFile; fileRef = CFDA10032F65A00100F63D6F /* ScreenTimeReportExtension.appex */; settings = {ATTRIBUTES = (CodeSignOnCopy, RemoveHeadersOnCopy, ); }; };
		D1A100012F67A00100F63D6F /* MorningPrayerMonitorExtension.appex in Embed Morning Prayer Extension */ = {isa = PBXBuildFile; fileRef = D1A100032F67A00100F63D6F /* MorningPrayerMonitorExtension.appex */; settings = {ATTRIBUTES = (CodeSignOnCopy, RemoveHeadersOnCopy, ); }; };
/* End PBXBuildFile section */

/* Begin PBXContainerItemProxy section */
		CFD163232F64F7D900F63D6F /* PBXContainerItemProxy */ = {
			isa = PBXContainerItemProxy;
			containerPortal = CFD1630D2F64F7D600F63D6F /* Project object */;
			proxyType = 1;
			remoteGlobalIDString = CFD163142F64F7D600F63D6F;
			remoteInfo = OracaoDiaria;
		};
		CFD1632D2F64F7D900F63D6F /* PBXContainerItemProxy */ = {
			isa = PBXContainerItemProxy;
			containerPortal = CFD1630D2F64F7D600F63D6F /* Project object */;
			proxyType = 1;
			remoteGlobalIDString = CFD163142F64F7D600F63D6F;
			remoteInfo = OracaoDiaria;
		};
		CFDA10012F65A00100F63D6F /* PBXContainerItemProxy */ = {
			isa = PBXContainerItemProxy;
			containerPortal = CFD1630D2F64F7D600F63D6F /* Project object */;
			proxyType = 1;
			remoteGlobalIDString = CFDA10072F65A00100F63D6F;
			remoteInfo = ScreenTimeReportExtension;
		};
		D1A100022F67A00100F63D6F /* PBXContainerItemProxy */ = {
			isa = PBXContainerItemProxy;
			containerPortal = CFD1630D2F64F7D600F63D6F /* Project object */;
			proxyType = 1;
			remoteGlobalIDString = D1A100082F67A00100F63D6F;
			remoteInfo = MorningPrayerMonitorExtension;
		};
/* End PBXContainerItemProxy section */

/* Begin PBXCopyFilesBuildPhase section */
		CFDA10052F65A00100F63D6F /* Embed App Extensions */ = {
			isa = PBXCopyFilesBuildPhase;
			buildActionMask = 2147483647;
			dstPath = "$(CONTENTS_FOLDER_PATH)/Extensions";
			dstSubfolderSpec = 16;
			files = (
				CFDA10022F65A00100F63D6F /* ScreenTimeReportExtension.appex in Embed App Extensions */,
			);
			name = "Embed App Extensions";
			runOnlyForDeploymentPostprocessing = 0;
		};
		D1A1000D2F67A00100F63D6F /* Embed Morning Prayer Extension */ = {
			isa = PBXCopyFilesBuildPhase;
			buildActionMask = 2147483647;
			dstPath = "";
			dstSubfolderSpec = 13;
			files = (
				D1A100012F67A00100F63D6F /* MorningPrayerMonitorExtension.appex in Embed Morning Prayer Extension */,
			);
			name = "Embed Morning Prayer Extension";
			runOnlyForDeploymentPostprocessing = 0;
		};
/* End PBXCopyFilesBuildPhase section */

/* Begin PBXFileReference section */
		CFD163152F64F7D600F63D6F /* OracaoDiaria.app */ = {isa = PBXFileReference; explicitFileType = wrapper.application; includeInIndex = 0; path = OracaoDiaria.app; sourceTree = BUILT_PRODUCTS_DIR; };
		CFD163222F64F7D900F63D6F /* OracaoDiariaTests.xctest */ = {isa = PBXFileReference; explicitFileType = wrapper.cfbundle; includeInIndex = 0; path = OracaoDiariaTests.xctest; sourceTree = BUILT_PRODUCTS_DIR; };
		CFD1632C2F64F7D900F63D6F /* OracaoDiariaUITests.xctest */ = {isa = PBXFileReference; explicitFileType = wrapper.cfbundle; includeInIndex = 0; path = OracaoDiariaUITests.xctest; sourceTree = BUILT_PRODUCTS_DIR; };
		CFDA10032F65A00100F63D6F /* ScreenTimeReportExtension.appex */ = {isa = PBXFileReference; explicitFileType = "wrapper.app-extension"; includeInIndex = 0; path = ScreenTimeReportExtension.appex; sourceTree = BUILT_PRODUCTS_DIR; };
		D1A100032F67A00100F63D6F /* MorningPrayerMonitorExtension.appex */ = {isa = PBXFileReference; explicitFileType = "wrapper.extensionkit-extension"; includeInIndex = 0; path = MorningPrayerMonitorExtension.appex; sourceTree = BUILT_PRODUCTS_DIR; };
/* End PBXFileReference section */

/* Begin PBXFileSystemSynchronizedRootGroup section */
		CFD163172F64F7D600F63D6F /* OracaoDiaria */ = {
			isa = PBXFileSystemSynchronizedRootGroup;
			path = OracaoDiaria;
			sourceTree = "<group>";
		};
		CFD163252F64F7D900F63D6F /* OracaoDiariaTests */ = {
			isa = PBXFileSystemSynchronizedRootGroup;
			path = OracaoDiariaTests;
			sourceTree = "<group>";
		};
		CFD1632F2F64F7D900F63D6F /* OracaoDiariaUITests */ = {
			isa = PBXFileSystemSynchronizedRootGroup;
			path = OracaoDiariaUITests;
			sourceTree = "<group>";
		};
		CFDA10042F65A00100F63D6F /* ScreenTimeReportExtension */ = {
			isa = PBXFileSystemSynchronizedRootGroup;
			path = ScreenTimeReportExtension;
			sourceTree = "<group>";
		};
		D1A100042F67A00100F63D6F /* MorningPrayerMonitorExtension */ = {
			isa = PBXFileSystemSynchronizedRootGroup;
			path = MorningPrayerMonitorExtension;
			sourceTree = "<group>";
		};
/* End PBXFileSystemSynchronizedRootGroup section */

/* Begin PBXFrameworksBuildPhase section */
		CFD163122F64F7D600F63D6F /* Frameworks */ = {
			isa = PBXFrameworksBuildPhase;
			buildActionMask = 2147483647;
			files = (
			);
			runOnlyForDeploymentPostprocessing = 0;
		};
		CFD1631F2F64F7D900F63D6F /* Frameworks */ = {
			isa = PBXFrameworksBuildPhase;
			buildActionMask = 2147483647;
			files = (
			);
			runOnlyForDeploymentPostprocessing = 0;
		};
		CFD163292F64F7D900F63D6F /* Frameworks */ = {
			isa = PBXFrameworksBuildPhase;
			buildActionMask = 2147483647;
			files = (
			);
			runOnlyForDeploymentPostprocessing = 0;
		};
		CFDA10062F65A00100F63D6F /* Frameworks */ = {
			isa = PBXFrameworksBuildPhase;
			buildActionMask = 2147483647;
			files = (
			);
			runOnlyForDeploymentPostprocessing = 0;
		};
		D1A100052F67A00100F63D6F /* Frameworks */ = {
			isa = PBXFrameworksBuildPhase;
			buildActionMask = 2147483647;
			files = (
			);
			runOnlyForDeploymentPostprocessing = 0;
		};
/* End PBXFrameworksBuildPhase section */

/* Begin PBXGroup section */
		CFD1630C2F64F7D600F63D6F = {
			isa = PBXGroup;
			children = (
				CFD163172F64F7D600F63D6F /* OracaoDiaria */,
				CFD163252F64F7D900F63D6F /* OracaoDiariaTests */,
				CFD1632F2F64F7D900F63D6F /* OracaoDiariaUITests */,
				D1A100042F67A00100F63D6F /* MorningPrayerMonitorExtension */,
				CFDA10042F65A00100F63D6F /* ScreenTimeReportExtension */,
				CFD163162F64F7D600F63D6F /* Products */,
			);
			sourceTree = "<group>";
		};
		CFD163162F64F7D600F63D6F /* Products */ = {
			isa = PBXGroup;
			children = (
				CFD163152F64F7D600F63D6F /* OracaoDiaria.app */,
				CFD163222F64F7D900F63D6F /* OracaoDiariaTests.xctest */,
				CFD1632C2F64F7D900F63D6F /* OracaoDiariaUITests.xctest */,
				D1A100032F67A00100F63D6F /* MorningPrayerMonitorExtension.appex */,
				CFDA10032F65A00100F63D6F /* ScreenTimeReportExtension.appex */,
			);
			name = Products;
			sourceTree = "<group>";
		};
/* End PBXGroup section */

/* Begin PBXNativeTarget section */
		CFD163142F64F7D600F63D6F /* OracaoDiaria */ = {
			isa = PBXNativeTarget;
			buildConfigurationList = CFD163362F64F7D900F63D6F /* Build configuration list for PBXNativeTarget "OracaoDiaria" */;
			buildPhases = (
				CFD163112F64F7D600F63D6F /* Sources */,
				CFD163122F64F7D600F63D6F /* Frameworks */,
				CFD163132F64F7D600F63D6F /* Resources */,
				CFDA10052F65A00100F63D6F /* Embed App Extensions */,
				D1A1000D2F67A00100F63D6F /* Embed Morning Prayer Extension */,
			);
			buildRules = (
			);
			dependencies = (
				D1A100092F67A00100F63D6F /* PBXTargetDependency */,
				CFDA100A2F65A00100F63D6F /* PBXTargetDependency */,
			);
			fileSystemSynchronizedGroups = (
				CFD163172F64F7D600F63D6F /* OracaoDiaria */,
			);
			name = OracaoDiaria;
			packageProductDependencies = (
			);
			productName = OracaoDiaria;
			productReference = CFD163152F64F7D600F63D6F /* OracaoDiaria.app */;
			productType = "com.apple.product-type.application";
		};
		CFD163212F64F7D900F63D6F /* OracaoDiariaTests */ = {
			isa = PBXNativeTarget;
			buildConfigurationList = CFD163392F64F7D900F63D6F /* Build configuration list for PBXNativeTarget "OracaoDiariaTests" */;
			buildPhases = (
				CFD1631E2F64F7D900F63D6F /* Sources */,
				CFD1631F2F64F7D900F63D6F /* Frameworks */,
				CFD163202F64F7D900F63D6F /* Resources */,
			);
			buildRules = (
			);
			dependencies = (
				CFD163242F64F7D900F63D6F /* PBXTargetDependency */,
			);
			fileSystemSynchronizedGroups = (
				CFD163252F64F7D900F63D6F /* OracaoDiariaTests */,
			);
			name = OracaoDiariaTests;
			packageProductDependencies = (
			);
			productName = OracaoDiariaTests;
			productReference = CFD163222F64F7D900F63D6F /* OracaoDiariaTests.xctest */;
			productType = "com.apple.product-type.bundle.unit-test";
		};
		CFD1632B2F64F7D900F63D6F /* OracaoDiariaUITests */ = {
			isa = PBXNativeTarget;
			buildConfigurationList = CFD1633C2F64F7D900F63D6F /* Build configuration list for PBXNativeTarget "OracaoDiariaUITests" */;
			buildPhases = (
				CFD163282F64F7D900F63D6F /* Sources */,
				CFD163292F64F7D900F63D6F /* Frameworks */,
				CFD1632A2F64F7D900F63D6F /* Resources */,
			);
			buildRules = (
			);
			dependencies = (
				CFD1632E2F64F7D900F63D6F /* PBXTargetDependency */,
			);
			fileSystemSynchronizedGroups = (
				CFD1632F2F64F7D900F63D6F /* OracaoDiariaUITests */,
			);
			name = OracaoDiariaUITests;
			packageProductDependencies = (
			);
			productName = OracaoDiariaUITests;
			productReference = CFD1632C2F64F7D900F63D6F /* OracaoDiariaUITests.xctest */;
			productType = "com.apple.product-type.bundle.ui-testing";
		};
		CFDA10072F65A00100F63D6F /* ScreenTimeReportExtension */ = {
			isa = PBXNativeTarget;
			buildConfigurationList = CFDA100D2F65A00100F63D6F /* Build configuration list for PBXNativeTarget "ScreenTimeReportExtension" */;
			buildPhases = (
				CFDA10092F65A00100F63D6F /* Sources */,
				CFDA10062F65A00100F63D6F /* Frameworks */,
				CFDA10082F65A00100F63D6F /* Resources */,
			);
			buildRules = (
			);
			dependencies = (
			);
			fileSystemSynchronizedGroups = (
				CFDA10042F65A00100F63D6F /* ScreenTimeReportExtension */,
			);
			name = ScreenTimeReportExtension;
			packageProductDependencies = (
			);
			productName = ScreenTimeReportExtension;
			productReference = CFDA10032F65A00100F63D6F /* ScreenTimeReportExtension.appex */;
			productType = "com.apple.product-type.app-extension";
		};
		D1A100082F67A00100F63D6F /* MorningPrayerMonitorExtension */ = {
			isa = PBXNativeTarget;
			buildConfigurationList = D1A1000C2F67A00100F63D6F /* Build configuration list for PBXNativeTarget "MorningPrayerMonitorExtension" */;
			buildPhases = (
				D1A100072F67A00100F63D6F /* Sources */,
				D1A100052F67A00100F63D6F /* Frameworks */,
				D1A100062F67A00100F63D6F /* Resources */,
			);
			buildRules = (
			);
			dependencies = (
			);
			fileSystemSynchronizedGroups = (
				D1A100042F67A00100F63D6F /* MorningPrayerMonitorExtension */,
			);
			name = MorningPrayerMonitorExtension;
			packageProductDependencies = (
			);
			productName = MorningPrayerMonitorExtension;
			productReference = D1A100032F67A00100F63D6F /* MorningPrayerMonitorExtension.appex */;
			productType = "com.apple.product-type.extensionkit-extension";
		};
/* End PBXNativeTarget section */

/* Begin PBXProject section */
		CFD1630D2F64F7D600F63D6F /* Project object */ = {
			isa = PBXProject;
			attributes = {
				BuildIndependentTargetsInParallel = 1;
				LastSwiftUpdateCheck = 2620;
				LastUpgradeCheck = 2620;
				TargetAttributes = {
					CFD163142F64F7D600F63D6F = {
						CreatedOnToolsVersion = 26.2;
					};
					CFD163212F64F7D900F63D6F = {
						CreatedOnToolsVersion = 26.2;
						TestTargetID = CFD163142F64F7D600F63D6F;
					};
					CFD1632B2F64F7D900F63D6F = {
						CreatedOnToolsVersion = 26.2;
						TestTargetID = CFD163142F64F7D600F63D6F;
					};
					CFDA10072F65A00100F63D6F = {
						CreatedOnToolsVersion = 26.2;
					};
					D1A100082F67A00100F63D6F = {
						CreatedOnToolsVersion = 26.2;
					};
				};
			};
			buildConfigurationList = CFD163102F64F7D600F63D6F /* Build configuration list for PBXProject "OracaoDiaria" */;
			developmentRegion = en;
			hasScannedForEncodings = 0;
			knownRegions = (
				en,
				Base,
			);
			mainGroup = CFD1630C2F64F7D600F63D6F;
			minimizedProjectReferenceProxies = 1;
			preferredProjectObjectVersion = 77;
			productRefGroup = CFD163162F64F7D600F63D6F /* Products */;
			projectDirPath = "";
			projectRoot = "";
			targets = (
				CFD163142F64F7D600F63D6F /* OracaoDiaria */,
				CFD163212F64F7D900F63D6F /* OracaoDiariaTests */,
				CFD1632B2F64F7D900F63D6F /* OracaoDiariaUITests */,
				D1A100082F67A00100F63D6F /* MorningPrayerMonitorExtension */,
				CFDA10072F65A00100F63D6F /* ScreenTimeReportExtension */,
			);
		};
/* End PBXProject section */

/* Begin PBXResourcesBuildPhase section */
		CFD163132F64F7D600F63D6F /* Resources */ = {
			isa = PBXResourcesBuildPhase;
			buildActionMask = 2147483647;
			files = (
			);
			runOnlyForDeploymentPostprocessing = 0;
		};
		CFD163202F64F7D900F63D6F /* Resources */ = {
			isa = PBXResourcesBuildPhase;
			buildActionMask = 2147483647;
			files = (
			);
			runOnlyForDeploymentPostprocessing = 0;
		};
		CFD1632A2F64F7D900F63D6F /* Resources */ = {
			isa = PBXResourcesBuildPhase;
			buildActionMask = 2147483647;
			files = (
			);
			runOnlyForDeploymentPostprocessing = 0;
		};
		CFDA10082F65A00100F63D6F /* Resources */ = {
			isa = PBXResourcesBuildPhase;
			buildActionMask = 2147483647;
			files = (
			);
			runOnlyForDeploymentPostprocessing = 0;
		};
		D1A100062F67A00100F63D6F /* Resources */ = {
			isa = PBXResourcesBuildPhase;
			buildActionMask = 2147483647;
			files = (
			);
			runOnlyForDeploymentPostprocessing = 0;
		};
/* End PBXResourcesBuildPhase section */

/* Begin PBXSourcesBuildPhase section */
		CFD163112F64F7D600F63D6F /* Sources */ = {
			isa = PBXSourcesBuildPhase;
			buildActionMask = 2147483647;
			files = (
			);
			runOnlyForDeploymentPostprocessing = 0;
		};
		CFD1631E2F64F7D900F63D6F /* Sources */ = {
			isa = PBXSourcesBuildPhase;
			buildActionMask = 2147483647;
			files = (
			);
			runOnlyForDeploymentPostprocessing = 0;
		};
		CFD163282F64F7D900F63D6F /* Sources */ = {
			isa = PBXSourcesBuildPhase;
			buildActionMask = 2147483647;
			files = (
			);
			runOnlyForDeploymentPostprocessing = 0;
		};
		CFDA10092F65A00100F63D6F /* Sources */ = {
			isa = PBXSourcesBuildPhase;
			buildActionMask = 2147483647;
			files = (
			);
			runOnlyForDeploymentPostprocessing = 0;
		};
		D1A100072F67A00100F63D6F /* Sources */ = {
			isa = PBXSourcesBuildPhase;
			buildActionMask = 2147483647;
			files = (
			);
			runOnlyForDeploymentPostprocessing = 0;
		};
/* End PBXSourcesBuildPhase section */

/* Begin PBXTargetDependency section */
		CFD163242F64F7D900F63D6F /* PBXTargetDependency */ = {
			isa = PBXTargetDependency;
			target = CFD163142F64F7D600F63D6F /* OracaoDiaria */;
			targetProxy = CFD163232F64F7D900F63D6F /* PBXContainerItemProxy */;
		};
		CFD1632E2F64F7D900F63D6F /* PBXTargetDependency */ = {
			isa = PBXTargetDependency;
			target = CFD163142F64F7D600F63D6F /* OracaoDiaria */;
			targetProxy = CFD1632D2F64F7D900F63D6F /* PBXContainerItemProxy */;
		};
		CFDA100A2F65A00100F63D6F /* PBXTargetDependency */ = {
			isa = PBXTargetDependency;
			target = CFDA10072F65A00100F63D6F /* ScreenTimeReportExtension */;
			targetProxy = CFDA10012F65A00100F63D6F /* PBXContainerItemProxy */;
		};
		D1A100092F67A00100F63D6F /* PBXTargetDependency */ = {
			isa = PBXTargetDependency;
			target = D1A100082F67A00100F63D6F /* MorningPrayerMonitorExtension */;
			targetProxy = D1A100022F67A00100F63D6F /* PBXContainerItemProxy */;
		};
/* End PBXTargetDependency section */

/* Begin XCBuildConfiguration section */
		CFD163342F64F7D900F63D6F /* Debug */ = {
			isa = XCBuildConfiguration;
			buildSettings = {
				ALWAYS_SEARCH_USER_PATHS = NO;
				ASSETCATALOG_COMPILER_GENERATE_SWIFT_ASSET_SYMBOL_EXTENSIONS = YES;
				CLANG_ANALYZER_NONNULL = YES;
				CLANG_ANALYZER_NUMBER_OBJECT_CONVERSION = YES_AGGRESSIVE;
				CLANG_CXX_LANGUAGE_STANDARD = "gnu++20";
				CLANG_ENABLE_MODULES = YES;
				CLANG_ENABLE_OBJC_ARC = YES;
				CLANG_ENABLE_OBJC_WEAK = YES;
				CLANG_WARN_BLOCK_CAPTURE_AUTORELEASING = YES;
				CLANG_WARN_BOOL_CONVERSION = YES;
				CLANG_WARN_COMMA = YES;
				CLANG_WARN_CONSTANT_CONVERSION = YES;
				CLANG_WARN_DEPRECATED_OBJC_IMPLEMENTATIONS = YES;
				CLANG_WARN_DIRECT_OBJC_ISA_USAGE = YES_ERROR;
				CLANG_WARN_DOCUMENTATION_COMMENTS = YES;
				CLANG_WARN_EMPTY_BODY = YES;
				CLANG_WARN_ENUM_CONVERSION = YES;
				CLANG_WARN_INFINITE_RECURSION = YES;
				CLANG_WARN_INT_CONVERSION = YES;
				CLANG_WARN_NON_LITERAL_NULL_CONVERSION = YES;
				CLANG_WARN_OBJC_IMPLICIT_RETAIN_SELF = YES;
				CLANG_WARN_OBJC_LITERAL_CONVERSION = YES;
				CLANG_WARN_OBJC_ROOT_CLASS = YES_ERROR;
				CLANG_WARN_QUOTED_INCLUDE_IN_FRAMEWORK_HEADER = YES;
				CLANG_WARN_RANGE_LOOP_ANALYSIS = YES;
				CLANG_WARN_STRICT_PROTOTYPES = YES;
				CLANG_WARN_SUSPICIOUS_MOVE = YES;
				CLANG_WARN_UNGUARDED_AVAILABILITY = YES_AGGRESSIVE;
				CLANG_WARN_UNREACHABLE_CODE = YES;
				CLANG_WARN__DUPLICATE_METHOD_MATCH = YES;
				COPY_PHASE_STRIP = NO;
				DEBUG_INFORMATION_FORMAT = dwarf;
				DEVELOPMENT_TEAM = HBR3X34WQP;
				ENABLE_STRICT_OBJC_MSGSEND = YES;
				ENABLE_TESTABILITY = YES;
				ENABLE_USER_SCRIPT_SANDBOXING = YES;
				GCC_C_LANGUAGE_STANDARD = gnu17;
				GCC_DYNAMIC_NO_PIC = NO;
				GCC_NO_COMMON_BLOCKS = YES;
				GCC_OPTIMIZATION_LEVEL = 0;
				GCC_PREPROCESSOR_DEFINITIONS = (
					"DEBUG=1",
					"$(inherited)",
				);
				GCC_WARN_64_TO_32_BIT_CONVERSION = YES;
				GCC_WARN_ABOUT_RETURN_TYPE = YES_ERROR;
				GCC_WARN_UNDECLARED_SELECTOR = YES;
				GCC_WARN_UNINITIALIZED_AUTOS = YES_AGGRESSIVE;
				GCC_WARN_UNUSED_FUNCTION = YES;
				GCC_WARN_UNUSED_VARIABLE = YES;
				IPHONEOS_DEPLOYMENT_TARGET = 26.2;
				LOCALIZATION_PREFERS_STRING_CATALOGS = YES;
				MTL_ENABLE_DEBUG_INFO = INCLUDE_SOURCE;
				MTL_FAST_MATH = YES;
				ONLY_ACTIVE_ARCH = YES;
				SDKROOT = iphoneos;
				SWIFT_ACTIVE_COMPILATION_CONDITIONS = "DEBUG $(inherited)";
				SWIFT_OPTIMIZATION_LEVEL = "-Onone";
			};
			name = Debug;
		};
		CFD163352F64F7D900F63D6F /* Release */ = {
			isa = XCBuildConfiguration;
			buildSettings = {
				ALWAYS_SEARCH_USER_PATHS = NO;
				ASSETCATALOG_COMPILER_GENERATE_SWIFT_ASSET_SYMBOL_EXTENSIONS = YES;
				CLANG_ANALYZER_NONNULL = YES;
				CLANG_ANALYZER_NUMBER_OBJECT_CONVERSION = YES_AGGRESSIVE;
				CLANG_CXX_LANGUAGE_STANDARD = "gnu++20";
				CLANG_ENABLE_MODULES = YES;
				CLANG_ENABLE_OBJC_ARC = YES;
				CLANG_ENABLE_OBJC_WEAK = YES;
				CLANG_WARN_BLOCK_CAPTURE_AUTORELEASING = YES;
				CLANG_WARN_BOOL_CONVERSION = YES;
				CLANG_WARN_COMMA = YES;
				CLANG_WARN_CONSTANT_CONVERSION = YES;
				CLANG_WARN_DEPRECATED_OBJC_IMPLEMENTATIONS = YES;
				CLANG_WARN_DIRECT_OBJC_ISA_USAGE = YES_ERROR;
				CLANG_WARN_DOCUMENTATION_COMMENTS = YES;
				CLANG_WARN_EMPTY_BODY = YES;
				CLANG_WARN_ENUM_CONVERSION = YES;
				CLANG_WARN_INFINITE_RECURSION = YES;
				CLANG_WARN_INT_CONVERSION = YES;
				CLANG_WARN_NON_LITERAL_NULL_CONVERSION = YES;
				CLANG_WARN_OBJC_IMPLICIT_RETAIN_SELF = YES;
				CLANG_WARN_OBJC_LITERAL_CONVERSION = YES;
				CLANG_WARN_OBJC_ROOT_CLASS = YES_ERROR;
				CLANG_WARN_QUOTED_INCLUDE_IN_FRAMEWORK_HEADER = YES;
				CLANG_WARN_RANGE_LOOP_ANALYSIS = YES;
				CLANG_WARN_STRICT_PROTOTYPES = YES;
				CLANG_WARN_SUSPICIOUS_MOVE = YES;
				CLANG_WARN_UNGUARDED_AVAILABILITY = YES_AGGRESSIVE;
				CLANG_WARN_UNREACHABLE_CODE = YES;
				CLANG_WARN__DUPLICATE_METHOD_MATCH = YES;
				COPY_PHASE_STRIP = NO;
				DEBUG_INFORMATION_FORMAT = "dwarf-with-dsym";
				DEVELOPMENT_TEAM = HBR3X34WQP;
				ENABLE_NS_ASSERTIONS = NO;
				ENABLE_STRICT_OBJC_MSGSEND = YES;
				ENABLE_USER_SCRIPT_SANDBOXING = YES;
				GCC_C_LANGUAGE_STANDARD = gnu17;
				GCC_NO_COMMON_BLOCKS = YES;
				GCC_WARN_64_TO_32_BIT_CONVERSION = YES;
				GCC_WARN_ABOUT_RETURN_TYPE = YES_ERROR;
				GCC_WARN_UNDECLARED_SELECTOR = YES;
				GCC_WARN_UNINITIALIZED_AUTOS = YES_AGGRESSIVE;
				GCC_WARN_UNUSED_FUNCTION = YES;
				GCC_WARN_UNUSED_VARIABLE = YES;
				IPHONEOS_DEPLOYMENT_TARGET = 26.2;
				LOCALIZATION_PREFERS_STRING_CATALOGS = YES;
				MTL_ENABLE_DEBUG_INFO = NO;
				MTL_FAST_MATH = YES;
				SDKROOT = iphoneos;
				SWIFT_COMPILATION_MODE = wholemodule;
				VALIDATE_PRODUCT = YES;
			};
			name = Release;
		};
		CFD163372F64F7D900F63D6F /* Debug */ = {
			isa = XCBuildConfiguration;
			buildSettings = {
				ASSETCATALOG_COMPILER_APPICON_NAME = AppIcon;
				ASSETCATALOG_COMPILER_GLOBAL_ACCENT_COLOR_NAME = AccentColor;
				CODE_SIGN_ENTITLEMENTS = OracaoDiaria/OracaoDiaria.entitlements;
				CODE_SIGN_STYLE = Automatic;
				CURRENT_PROJECT_VERSION = 1;
				DEVELOPMENT_TEAM = 4ZQ8PBTL5U;
				ENABLE_PREVIEWS = YES;
				GENERATE_INFOPLIST_FILE = YES;
				INFOPLIST_KEY_CFBundleDisplayName = "Oração Diária";
				INFOPLIST_KEY_LSApplicationCategoryType = "public.app-category.productivity";
				INFOPLIST_KEY_UIApplicationSceneManifest_Generation = YES;
				INFOPLIST_KEY_UIApplicationSupportsIndirectInputEvents = YES;
				INFOPLIST_KEY_UILaunchScreen_Generation = YES;
				INFOPLIST_KEY_UISupportedInterfaceOrientations = UIInterfaceOrientationPortrait;
				LD_RUNPATH_SEARCH_PATHS = (
					"$(inherited)",
					"@executable_path/Frameworks",
				);
				MARKETING_VERSION = 1.0;
				PRODUCT_BUNDLE_IDENTIFIER = andresouza.OracaoDiaria;
				PRODUCT_NAME = "$(TARGET_NAME)";
				STRING_CATALOG_GENERATE_SYMBOLS = YES;
				SWIFT_APPROACHABLE_CONCURRENCY = YES;
				SWIFT_DEFAULT_ACTOR_ISOLATION = MainActor;
				SWIFT_EMIT_LOC_STRINGS = YES;
				SWIFT_UPCOMING_FEATURE_MEMBER_IMPORT_VISIBILITY = YES;
				SWIFT_VERSION = 5.0;
				TARGETED_DEVICE_FAMILY = "1,2";
			};
			name = Debug;
		};
		CFD163382F64F7D900F63D6F /* Release */ = {
			isa = XCBuildConfiguration;
			buildSettings = {
				ASSETCATALOG_COMPILER_APPICON_NAME = AppIcon;
				ASSETCATALOG_COMPILER_GLOBAL_ACCENT_COLOR_NAME = AccentColor;
				CODE_SIGN_ENTITLEMENTS = OracaoDiaria/OracaoDiaria.entitlements;
				CODE_SIGN_STYLE = Automatic;
				CURRENT_PROJECT_VERSION = 1;
				DEVELOPMENT_TEAM = 4ZQ8PBTL5U;
				ENABLE_PREVIEWS = YES;
				GENERATE_INFOPLIST_FILE = YES;
				INFOPLIST_KEY_CFBundleDisplayName = "Oração Diária";
				INFOPLIST_KEY_LSApplicationCategoryType = "public.app-category.productivity";
				INFOPLIST_KEY_UIApplicationSceneManifest_Generation = YES;
				INFOPLIST_KEY_UIApplicationSupportsIndirectInputEvents = YES;
				INFOPLIST_KEY_UILaunchScreen_Generation = YES;
				INFOPLIST_KEY_UISupportedInterfaceOrientations = UIInterfaceOrientationPortrait;
				LD_RUNPATH_SEARCH_PATHS = (
					"$(inherited)",
					"@executable_path/Frameworks",
				);
				MARKETING_VERSION = 1.0;
				PRODUCT_BUNDLE_IDENTIFIER = andresouza.OracaoDiaria;
				PRODUCT_NAME = "$(TARGET_NAME)";
				STRING_CATALOG_GENERATE_SYMBOLS = YES;
				SWIFT_APPROACHABLE_CONCURRENCY = YES;
				SWIFT_DEFAULT_ACTOR_ISOLATION = MainActor;
				SWIFT_EMIT_LOC_STRINGS = YES;
				SWIFT_UPCOMING_FEATURE_MEMBER_IMPORT_VISIBILITY = YES;
				SWIFT_VERSION = 5.0;
				TARGETED_DEVICE_FAMILY = "1,2";
			};
			name = Release;
		};
		CFD1633A2F64F7D900F63D6F /* Debug */ = {
			isa = XCBuildConfiguration;
			buildSettings = {
				BUNDLE_LOADER = "$(TEST_HOST)";
				CODE_SIGN_STYLE = Automatic;
				CURRENT_PROJECT_VERSION = 1;
				DEVELOPMENT_TEAM = HBR3X34WQP;
				GENERATE_INFOPLIST_FILE = YES;
				IPHONEOS_DEPLOYMENT_TARGET = 26.2;
				MARKETING_VERSION = 1.0;
				PRODUCT_BUNDLE_IDENTIFIER = andresouza.OracaoDiariaTests;
				PRODUCT_NAME = "$(TARGET_NAME)";
				STRING_CATALOG_GENERATE_SYMBOLS = NO;
				SWIFT_APPROACHABLE_CONCURRENCY = YES;
				SWIFT_EMIT_LOC_STRINGS = NO;
				SWIFT_UPCOMING_FEATURE_MEMBER_IMPORT_VISIBILITY = YES;
				SWIFT_VERSION = 5.0;
				TARGETED_DEVICE_FAMILY = "1,2";
				TEST_HOST = "$(BUILT_PRODUCTS_DIR)/OracaoDiaria.app/$(BUNDLE_EXECUTABLE_FOLDER_PATH)/OracaoDiaria";
			};
			name = Debug;
		};
		CFD1633B2F64F7D900F63D6F /* Release */ = {
			isa = XCBuildConfiguration;
			buildSettings = {
				BUNDLE_LOADER = "$(TEST_HOST)";
				CODE_SIGN_STYLE = Automatic;
				CURRENT_PROJECT_VERSION = 1;
				DEVELOPMENT_TEAM = HBR3X34WQP;
				GENERATE_INFOPLIST_FILE = YES;
				IPHONEOS_DEPLOYMENT_TARGET = 26.2;
				MARKETING_VERSION = 1.0;
				PRODUCT_BUNDLE_IDENTIFIER = andresouza.OracaoDiariaTests;
				PRODUCT_NAME = "$(TARGET_NAME)";
				STRING_CATALOG_GENERATE_SYMBOLS = NO;
				SWIFT_APPROACHABLE_CONCURRENCY = YES;
				SWIFT_EMIT_LOC_STRINGS = NO;
				SWIFT_UPCOMING_FEATURE_MEMBER_IMPORT_VISIBILITY = YES;
				SWIFT_VERSION = 5.0;
				TARGETED_DEVICE_FAMILY = "1,2";
				TEST_HOST = "$(BUILT_PRODUCTS_DIR)/OracaoDiaria.app/$(BUNDLE_EXECUTABLE_FOLDER_PATH)/OracaoDiaria";
			};
			name = Release;
		};
		CFD1633D2F64F7D900F63D6F /* Debug */ = {
			isa = XCBuildConfiguration;
			buildSettings = {
				CODE_SIGN_STYLE = Automatic;
				CURRENT_PROJECT_VERSION = 1;
				DEVELOPMENT_TEAM = HBR3X34WQP;
				GENERATE_INFOPLIST_FILE = YES;
				MARKETING_VERSION = 1.0;
				PRODUCT_BUNDLE_IDENTIFIER = andresouza.OracaoDiariaUITests;
				PRODUCT_NAME = "$(TARGET_NAME)";
				STRING_CATALOG_GENERATE_SYMBOLS = NO;
				SWIFT_APPROACHABLE_CONCURRENCY = YES;
				SWIFT_EMIT_LOC_STRINGS = NO;
				SWIFT_UPCOMING_FEATURE_MEMBER_IMPORT_VISIBILITY = YES;
				SWIFT_VERSION = 5.0;
				TARGETED_DEVICE_FAMILY = "1,2";
				TEST_TARGET_NAME = OracaoDiaria;
			};
			name = Debug;
		};
		CFD1633E2F64F7D900F63D6F /* Release */ = {
			isa = XCBuildConfiguration;
			buildSettings = {
				CODE_SIGN_STYLE = Automatic;
				CURRENT_PROJECT_VERSION = 1;
				DEVELOPMENT_TEAM = HBR3X34WQP;
				GENERATE_INFOPLIST_FILE = YES;
				MARKETING_VERSION = 1.0;
				PRODUCT_BUNDLE_IDENTIFIER = andresouza.OracaoDiariaUITests;
				PRODUCT_NAME = "$(TARGET_NAME)";
				STRING_CATALOG_GENERATE_SYMBOLS = NO;
				SWIFT_APPROACHABLE_CONCURRENCY = YES;
				SWIFT_EMIT_LOC_STRINGS = NO;
				SWIFT_UPCOMING_FEATURE_MEMBER_IMPORT_VISIBILITY = YES;
				SWIFT_VERSION = 5.0;
				TARGETED_DEVICE_FAMILY = "1,2";
				TEST_TARGET_NAME = OracaoDiaria;
			};
			name = Release;
		};
		CFDA100B2F65A00100F63D6F /* Debug */ = {
			isa = XCBuildConfiguration;
			buildSettings = {
				APPLICATION_EXTENSION_API_ONLY = YES;
				CODE_SIGN_ENTITLEMENTS = ScreenTimeReportExtension/ScreenTimeReportExtension.entitlements;
				CODE_SIGN_STYLE = Automatic;
				CURRENT_PROJECT_VERSION = 1;
				DEVELOPMENT_TEAM = 4ZQ8PBTL5U;
				GENERATE_INFOPLIST_FILE = NO;
				INFOPLIST_FILE = ScreenTimeReportExtensionInfo.plist;
				IPHONEOS_DEPLOYMENT_TARGET = 26.2;
				LD_RUNPATH_SEARCH_PATHS = (
					"$(inherited)",
					"@executable_path/Frameworks",
					"@executable_path/../../Frameworks",
				);
				MARKETING_VERSION = 1.0;
				PRODUCT_BUNDLE_IDENTIFIER = andresouza.OracaoDiaria.ScreenTimeReportExtension;
				PRODUCT_NAME = "$(TARGET_NAME)";
				SKIP_INSTALL = YES;
				STRING_CATALOG_GENERATE_SYMBOLS = YES;
				SWIFT_APPROACHABLE_CONCURRENCY = YES;
				SWIFT_EMIT_LOC_STRINGS = YES;
				SWIFT_UPCOMING_FEATURE_MEMBER_IMPORT_VISIBILITY = YES;
				SWIFT_VERSION = 5.0;
				TARGETED_DEVICE_FAMILY = "1,2";
			};
			name = Debug;
		};
		CFDA100C2F65A00100F63D6F /* Release */ = {
			isa = XCBuildConfiguration;
			buildSettings = {
				APPLICATION_EXTENSION_API_ONLY = YES;
				CODE_SIGN_ENTITLEMENTS = ScreenTimeReportExtension/ScreenTimeReportExtension.entitlements;
				CODE_SIGN_STYLE = Automatic;
				CURRENT_PROJECT_VERSION = 1;
				DEVELOPMENT_TEAM = 4ZQ8PBTL5U;
				GENERATE_INFOPLIST_FILE = NO;
				INFOPLIST_FILE = ScreenTimeReportExtensionInfo.plist;
				IPHONEOS_DEPLOYMENT_TARGET = 26.2;
				LD_RUNPATH_SEARCH_PATHS = (
					"$(inherited)",
					"@executable_path/Frameworks",
					"@executable_path/../../Frameworks",
				);
				MARKETING_VERSION = 1.0;
				PRODUCT_BUNDLE_IDENTIFIER = andresouza.OracaoDiaria.ScreenTimeReportExtension;
				PRODUCT_NAME = "$(TARGET_NAME)";
				SKIP_INSTALL = YES;
				STRING_CATALOG_GENERATE_SYMBOLS = YES;
				SWIFT_APPROACHABLE_CONCURRENCY = YES;
				SWIFT_EMIT_LOC_STRINGS = YES;
				SWIFT_UPCOMING_FEATURE_MEMBER_IMPORT_VISIBILITY = YES;
				SWIFT_VERSION = 5.0;
				TARGETED_DEVICE_FAMILY = "1,2";
			};
			name = Release;
		};
		D1A1000A2F67A00100F63D6F /* Debug */ = {
			isa = XCBuildConfiguration;
			buildSettings = {
				APPLICATION_EXTENSION_API_ONLY = YES;
				CODE_SIGN_ENTITLEMENTS = MorningPrayerMonitorExtension/MorningPrayerMonitorExtension.entitlements;
				CODE_SIGN_STYLE = Automatic;
				CURRENT_PROJECT_VERSION = 1;
				DEVELOPMENT_TEAM = 4ZQ8PBTL5U;
				GENERATE_INFOPLIST_FILE = NO;
				INFOPLIST_FILE = MorningPrayerMonitorExtensionInfo.plist;
				IPHONEOS_DEPLOYMENT_TARGET = 26.2;
				LD_RUNPATH_SEARCH_PATHS = (
					"$(inherited)",
					"@executable_path/Frameworks",
					"@executable_path/../../Frameworks",
				);
				MARKETING_VERSION = 1.0;
				PRODUCT_BUNDLE_IDENTIFIER = andresouza.OracaoDiaria.MorningPrayerMonitorExtension;
				PRODUCT_NAME = "$(TARGET_NAME)";
				SKIP_INSTALL = YES;
				STRING_CATALOG_GENERATE_SYMBOLS = YES;
				SWIFT_APPROACHABLE_CONCURRENCY = YES;
				SWIFT_EMIT_LOC_STRINGS = YES;
				SWIFT_UPCOMING_FEATURE_MEMBER_IMPORT_VISIBILITY = YES;
				SWIFT_VERSION = 5.0;
				TARGETED_DEVICE_FAMILY = "1,2";
			};
			name = Debug;
		};
		D1A1000B2F67A00100F63D6F /* Release */ = {
			isa = XCBuildConfiguration;
			buildSettings = {
				APPLICATION_EXTENSION_API_ONLY = YES;
				CODE_SIGN_ENTITLEMENTS = MorningPrayerMonitorExtension/MorningPrayerMonitorExtension.entitlements;
				CODE_SIGN_STYLE = Automatic;
				CURRENT_PROJECT_VERSION = 1;
				DEVELOPMENT_TEAM = 4ZQ8PBTL5U;
				GENERATE_INFOPLIST_FILE = NO;
				INFOPLIST_FILE = MorningPrayerMonitorExtensionInfo.plist;
				IPHONEOS_DEPLOYMENT_TARGET = 26.2;
				LD_RUNPATH_SEARCH_PATHS = (
					"$(inherited)",
					"@executable_path/Frameworks",
					"@executable_path/../../Frameworks",
				);
				MARKETING_VERSION = 1.0;
				PRODUCT_BUNDLE_IDENTIFIER = andresouza.OracaoDiaria.MorningPrayerMonitorExtension;
				PRODUCT_NAME = "$(TARGET_NAME)";
				SKIP_INSTALL = YES;
				STRING_CATALOG_GENERATE_SYMBOLS = YES;
				SWIFT_APPROACHABLE_CONCURRENCY = YES;
				SWIFT_EMIT_LOC_STRINGS = YES;
				SWIFT_UPCOMING_FEATURE_MEMBER_IMPORT_VISIBILITY = YES;
				SWIFT_VERSION = 5.0;
				TARGETED_DEVICE_FAMILY = "1,2";
			};
			name = Release;
		};
/* End XCBuildConfiguration section */

/* Begin XCConfigurationList section */
		CFD163102F64F7D600F63D6F /* Build configuration list for PBXProject "OracaoDiaria" */ = {
			isa = XCConfigurationList;
			buildConfigurations = (
				CFD163342F64F7D900F63D6F /* Debug */,
				CFD163352F64F7D900F63D6F /* Release */,
			);
			defaultConfigurationIsVisible = 0;
			defaultConfigurationName = Release;
		};
		CFD163362F64F7D900F63D6F /* Build configuration list for PBXNativeTarget "OracaoDiaria" */ = {
			isa = XCConfigurationList;
			buildConfigurations = (
				CFD163372F64F7D900F63D6F /* Debug */,
				CFD163382F64F7D900F63D6F /* Release */,
			);
			defaultConfigurationIsVisible = 0;
			defaultConfigurationName = Release;
		};
		CFD163392F64F7D900F63D6F /* Build configuration list for PBXNativeTarget "OracaoDiariaTests" */ = {
			isa = XCConfigurationList;
			buildConfigurations = (
				CFD1633A2F64F7D900F63D6F /* Debug */,
				CFD1633B2F64F7D900F63D6F /* Release */,
			);
			defaultConfigurationIsVisible = 0;
			defaultConfigurationName = Release;
		};
		CFD1633C2F64F7D900F63D6F /* Build configuration list for PBXNativeTarget "OracaoDiariaUITests" */ = {
			isa = XCConfigurationList;
			buildConfigurations = (
				CFD1633D2F64F7D900F63D6F /* Debug */,
				CFD1633E2F64F7D900F63D6F /* Release */,
			);
			defaultConfigurationIsVisible = 0;
			defaultConfigurationName = Release;
		};
		CFDA100D2F65A00100F63D6F /* Build configuration list for PBXNativeTarget "ScreenTimeReportExtension" */ = {
			isa = XCConfigurationList;
			buildConfigurations = (
				CFDA100B2F65A00100F63D6F /* Debug */,
				CFDA100C2F65A00100F63D6F /* Release */,
			);
			defaultConfigurationIsVisible = 0;
			defaultConfigurationName = Release;
		};
		D1A1000C2F67A00100F63D6F /* Build configuration list for PBXNativeTarget "MorningPrayerMonitorExtension" */ = {
			isa = XCConfigurationList;
			buildConfigurations = (
				D1A1000A2F67A00100F63D6F /* Debug */,
				D1A1000B2F67A00100F63D6F /* Release */,
			);
			defaultConfigurationIsVisible = 0;
			defaultConfigurationName = Release;
		};
/* End XCConfigurationList section */
	};
	rootObject = CFD1630D2F64F7D600F63D6F /* Project object */;
}
